
Microsoft Visual Studio Solution File, Format Version 12.00
# Visual Studio Version 17
VisualStudioVersion = 17.12.35527.113 d17.12
MinimumVisualStudioVersion = 10.0.40219.1
Project("{FAE04EC0-301F-11D3-BF4B-00C04F79EFBC}") = "EmployeeMCodeApp", "EmployeeMCodeApp\EmployeeMCodeApp.csproj", "{B17B79C1-9A8B-49A7-A52B-E24C5731906B}"
EndProject
Global
	GlobalSection(SolutionConfigurationPlatforms) = preSolution
		Debug|Any CPU = Debug|Any CPU
		Release|Any CPU = Release|Any CPU
	EndGlobalSection
	GlobalSection(ProjectConfigurationPlatforms) = postSolution
		{B17B79C1-9A8B-49A7-A52B-E24C5731906B}.Debug|Any CPU.ActiveCfg = Debug|Any CPU
		{B17B79C1-9A8B-49A7-A52B-E24C5731906B}.Debug|Any CPU.Build.0 = Debug|Any CPU
		{B17B79C1-9A8B-49A7-A52B-E24C5731906B}.Release|Any CPU.ActiveCfg = Release|Any CPU
		{B17B79C1-9A8B-49A7-A52B-E24C5731906B}.Release|Any CPU.Build.0 = Release|Any CPU
	EndGlobalSection
	GlobalSection(SolutionProperties) = preSolution
		HideSolutionNode = FALSE
	EndGlobalSection
EndGlobal
